
Microsoft Visual Studio Solution File, Format Version 12.00
# Visual Studio 15
VisualStudioVersion = 15.0.27703.1
MinimumVisualStudioVersion = 10.0.40219.1
Project("{FAE04EC0-301F-11D3-BF4B-00C04F79EFBC}") = "Client", "Client\Client.csproj", "{6B517C8A-6C85-4F43-A2C8-193F15C5F900}"
EndProject
Project("{FAE04EC0-301F-11D3-BF4B-00C04F79EFBC}") = "Console-Server", "Console-Server\Console-Server.csproj", "{971CB649-DD10-4922-931B-A3BF4A897B5A}"
EndProject
Project("{FAE04EC0-301F-11D3-BF4B-00C04F79EFBC}") = "Client-Core", "Core\Client-Core.csproj", "{0A97835B-3B94-425F-8C0F-8AD37DFDDDDD}"
EndProject
Global
	GlobalSection(SolutionConfigurationPlatforms) = preSolution
		Debug|Any CPU = Debug|Any CPU
		Release|Any CPU = Release|Any CPU
	EndGlobalSection
	GlobalSection(ProjectConfigurationPlatforms) = postSolution
		{6B517C8A-6C85-4F43-A2C8-193F15C5F900}.Debug|Any CPU.ActiveCfg = Debug|Any CPU
		{6B517C8A-6C85-4F43-A2C8-193F15C5F900}.Debug|Any CPU.Build.0 = Debug|Any CPU
		{6B517C8A-6C85-4F43-A2C8-193F15C5F900}.Release|Any CPU.ActiveCfg = Release|Any CPU
		{6B517C8A-6C85-4F43-A2C8-193F15C5F900}.Release|Any CPU.Build.0 = Release|Any CPU
		{971CB649-DD10-4922-931B-A3BF4A897B5A}.Debug|Any CPU.ActiveCfg = Debug|Any CPU
		{971CB649-DD10-4922-931B-A3BF4A897B5A}.Debug|Any CPU.Build.0 = Debug|Any CPU
		{971CB649-DD10-4922-931B-A3BF4A897B5A}.Release|Any CPU.ActiveCfg = Release|Any CPU
		{971CB649-DD10-4922-931B-A3BF4A897B5A}.Release|Any CPU.Build.0 = Release|Any CPU
		{0A97835B-3B94-425F-8C0F-8AD37DFDDDDD}.Debug|Any CPU.ActiveCfg = Debug|Any CPU
		{0A97835B-3B94-425F-8C0F-8AD37DFDDDDD}.Debug|Any CPU.Build.0 = Debug|Any CPU
		{0A97835B-3B94-425F-8C0F-8AD37DFDDDDD}.Release|Any CPU.ActiveCfg = Release|Any CPU
		{0A97835B-3B94-425F-8C0F-8AD37DFDDDDD}.Release|Any CPU.Build.0 = Release|Any CPU
	EndGlobalSection
	GlobalSection(SolutionProperties) = preSolution
		HideSolutionNode = FALSE
	EndGlobalSection
	GlobalSection(ExtensibilityGlobals) = postSolution
		SolutionGuid = {21A0CB34-9BD9-4E8E-B1ED-99F805A9C6B2}
	EndGlobalSection
EndGlobal
